
Microsoft Visual Studio Solution File, Format Version 12.00
# Visual Studio 15
VisualStudioVersion = 15.0.28307.106
MinimumVisualStudioVersion = 10.0.40219.1
Project("{FAE04EC0-301F-11D3-BF4B-00C04F79EFBC}") = "WebService", "WebService\WebService.csproj", "{EBD1E953-5CE1-4447-A69C-3990B0534BC1}"
EndProject
Project("{FAE04EC0-301F-11D3-BF4B-00C04F79EFBC}") = "DBHelper", "DBHelper\DBHelper.csproj", "{A63DC825-6A87-4BCE-AD7B-3F283F9947D4}"
EndProject
Global
	GlobalSection(SolutionConfigurationPlatforms) = preSolution
		Debug|Any CPU = Debug|Any CPU
		Release|Any CPU = Release|Any CPU
	EndGlobalSection
	GlobalSection(ProjectConfigurationPlatforms) = postSolution
		{EBD1E953-5CE1-4447-A69C-3990B0534BC1}.Debug|Any CPU.ActiveCfg = Debug|Any CPU
		{EBD1E953-5CE1-4447-A69C-3990B0534BC1}.Debug|Any CPU.Build.0 = Debug|Any CPU
		{EBD1E953-5CE1-4447-A69C-3990B0534BC1}.Release|Any CPU.ActiveCfg = Release|Any CPU
		{EBD1E953-5CE1-4447-A69C-3990B0534BC1}.Release|Any CPU.Build.0 = Release|Any CPU
		{A63DC825-6A87-4BCE-AD7B-3F283F9947D4}.Debug|Any CPU.ActiveCfg = Debug|Any CPU
		{A63DC825-6A87-4BCE-AD7B-3F283F9947D4}.Debug|Any CPU.Build.0 = Debug|Any CPU
		{A63DC825-6A87-4BCE-AD7B-3F283F9947D4}.Release|Any CPU.ActiveCfg = Release|Any CPU
		{A63DC825-6A87-4BCE-AD7B-3F283F9947D4}.Release|Any CPU.Build.0 = Release|Any CPU
	EndGlobalSection
	GlobalSection(SolutionProperties) = preSolution
		HideSolutionNode = FALSE
	EndGlobalSection
	GlobalSection(ExtensibilityGlobals) = postSolution
		SolutionGuid = {CC87E1D9-224D-4BCC-9F30-C546CD65B4E9}
	EndGlobalSection
EndGlobal
